
Microsoft Visual Studio Solution File, Format Version 12.00
# Visual Studio 2012
Project("{FAE04EC0-301F-11D3-BF4B-00C04F79EFBC}") = "My Little Tools 3", "My Little Tools 3\My Little Tools 3.csproj", "{4AF25C2B-69BA-4C90-9CB6-E8B0005E3207}"
EndProject
Global
	GlobalSection(SolutionConfigurationPlatforms) = preSolution
		Debug|Any CPU = Debug|Any CPU
		Release|Any CPU = Release|Any CPU
	EndGlobalSection
	GlobalSection(ProjectConfigurationPlatforms) = postSolution
		{4AF25C2B-69BA-4C90-9CB6-E8B0005E3207}.Debug|Any CPU.ActiveCfg = Debug|Any CPU
		{4AF25C2B-69BA-4C90-9CB6-E8B0005E3207}.Debug|Any CPU.Build.0 = Debug|Any CPU
		{4AF25C2B-69BA-4C90-9CB6-E8B0005E3207}.Release|Any CPU.ActiveCfg = Release|Any CPU
		{4AF25C2B-69BA-4C90-9CB6-E8B0005E3207}.Release|Any CPU.Build.0 = Release|Any CPU
	EndGlobalSection
	GlobalSection(SolutionProperties) = preSolution
		HideSolutionNode = FALSE
	EndGlobalSection
EndGlobal
